
Microsoft Visual Studio Solution File, Format Version 12.00
# Visual Studio 15
Project("{FAE04EC0-301F-11D3-BF4B-00C04F79EFBC}") = "Assembly-CSharp", "Assembly-CSharp.csproj", "{EC75E706-2848-6F04-882F-68322225615C}"
EndProject
Project("{FAE04EC0-301F-11D3-BF4B-00C04F79EFBC}") = "Assembly-CSharp-Editor", "Assembly-CSharp-Editor.csproj", "{9FF426DD-6629-E8DA-2743-928531947B2B}"
EndProject
Global
	GlobalSection(SolutionConfigurationPlatforms) = preSolution
		Debug|Any CPU = Debug|Any CPU
		Release|Any CPU = Release|Any CPU
	EndGlobalSection
	GlobalSection(ProjectConfigurationPlatforms) = postSolution
		{EC75E706-2848-6F04-882F-68322225615C}.Debug|Any CPU.ActiveCfg = Debug|Any CPU
		{EC75E706-2848-6F04-882F-68322225615C}.Debug|Any CPU.Build.0 = Debug|Any CPU
		{EC75E706-2848-6F04-882F-68322225615C}.Release|Any CPU.ActiveCfg = Release|Any CPU
		{EC75E706-2848-6F04-882F-68322225615C}.Release|Any CPU.Build.0 = Release|Any CPU
		{9FF426DD-6629-E8DA-2743-928531947B2B}.Debug|Any CPU.ActiveCfg = Debug|Any CPU
		{9FF426DD-6629-E8DA-2743-928531947B2B}.Debug|Any CPU.Build.0 = Debug|Any CPU
		{9FF426DD-6629-E8DA-2743-928531947B2B}.Release|Any CPU.ActiveCfg = Release|Any CPU
		{9FF426DD-6629-E8DA-2743-928531947B2B}.Release|Any CPU.Build.0 = Release|Any CPU
	EndGlobalSection
	GlobalSection(SolutionProperties) = preSolution
		HideSolutionNode = FALSE
	EndGlobalSection
EndGlobal
